// !$*UTF8*$!
{
	archiveVersion = 1;
	classes = {
	};
	objectVersion = 56;
	objects = {

/* Begin PBXBuildFile section */
		0714E1B82B81F08200198324 /* LoadingView.swift in Sources */ = {isa = PBXBuildFile; fileRef = 0714E1B72B81F08200198324 /* LoadingView.swift */; };
		0714E1BA2B81F62900198324 /* WeatherManager.swift in Sources */ = {isa = PBXBuildFile; fileRef = 0714E1B92B81F62900198324 /* WeatherManager.swift */; };
		0714E1BD2B81FE4E00198324 /* ResponseData.swift in Sources */ = {isa = PBXBuildFile; fileRef = 0714E1BC2B81FE4E00198324 /* ResponseData.swift */; };
		0714E1C12B82518300198324 /* WeatherView.swift in Sources */ = {isa = PBXBuildFile; fileRef = 0714E1C02B82518300198324 /* WeatherView.swift */; };
		0714E1C32B8251BC00198324 /* ModelData.swift in Sources */ = {isa = PBXBuildFile; fileRef = 0714E1C22B8251BC00198324 /* ModelData.swift */; };
		0714E1C52B82520300198324 /* weatherData.json in Resources */ = {isa = PBXBuildFile; fileRef = 0714E1C42B82520300198324 /* weatherData.json */; };
		0714E1C72B82531400198324 /* Extensions.swift in Sources */ = {isa = PBXBuildFile; fileRef = 0714E1C62B82531400198324 /* Extensions.swift */; };
		0714E1C92B825A6C00198324 /* WeatherRow.swift in Sources */ = {isa = PBXBuildFile; fileRef = 0714E1C82B825A6C00198324 /* WeatherRow.swift */; };
		076C906C2B81DB8200072E3E /* WeatherAppApp.swift in Sources */ = {isa = PBXBuildFile; fileRef = 076C906B2B81DB8200072E3E /* WeatherAppApp.swift */; };
		076C906E2B81DB8200072E3E /* ContentView.swift in Sources */ = {isa = PBXBuildFile; fileRef = 076C906D2B81DB8200072E3E /* ContentView.swift */; };
		076C90702B81DB8400072E3E /* Assets.xcassets in Resources */ = {isa = PBXBuildFile; fileRef = 076C906F2B81DB8400072E3E /* Assets.xcassets */; };
		076C90742B81DB8400072E3E /* Preview Assets.xcassets in Resources */ = {isa = PBXBuildFile; fileRef = 076C90732B81DB8400072E3E /* Preview Assets.xcassets */; };
		076C907E2B81DB8400072E3E /* WeatherAppTests.swift in Sources */ = {isa = PBXBuildFile; fileRef = 076C907D2B81DB8400072E3E /* WeatherAppTests.swift */; };
		076C90882B81DB8400072E3E /* WeatherAppUITests.swift in Sources */ = {isa = PBXBuildFile; fileRef = 076C90872B81DB8400072E3E /* WeatherAppUITests.swift */; };
		076C908A2B81DB8400072E3E /* WeatherAppUITestsLaunchTests.swift in Sources */ = {isa = PBXBuildFile; fileRef = 076C90892B81DB8400072E3E /* WeatherAppUITestsLaunchTests.swift */; };
		076C90982B81DD2F00072E3E /* LocationManager.swift in Sources */ = {isa = PBXBuildFile; fileRef = 076C90972B81DD2F00072E3E /* LocationManager.swift */; };
		076C909B2B81DFCE00072E3E /* WelcomeView.swift in Sources */ = {isa = PBXBuildFile; fileRef = 076C909A2B81DFCE00072E3E /* WelcomeView.swift */; };
/* End PBXBuildFile section */

/* Begin PBXContainerItemProxy section */
		076C907A2B81DB8400072E3E /* PBXContainerItemProxy */ = {
			isa = PBXContainerItemProxy;
			containerPortal = 076C90602B81DB8200072E3E /* Project object */;
			proxyType = 1;
			remoteGlobalIDString = 076C90672B81DB8200072E3E;
			remoteInfo = WeatherApp;
		};
		076C90842B81DB8400072E3E /* PBXContainerItemProxy */ = {
			isa = PBXContainerItemProxy;
			containerPortal = 076C90602B81DB8200072E3E /* Project object */;
			proxyType = 1;
			remoteGlobalIDString = 076C90672B81DB8200072E3E;
			remoteInfo = WeatherApp;
		};
/* End PBXContainerItemProxy section */

/* Begin PBXFileReference section */
		0714E1B72B81F08200198324 /* LoadingView.swift */ = {isa = PBXFileReference; lastKnownFileType = sourcecode.swift; path = LoadingView.swift; sourceTree = "<group>"; };
		0714E1B92B81F62900198324 /* WeatherManager.swift */ = {isa = PBXFileReference; lastKnownFileType = sourcecode.swift; path = WeatherManager.swift; sourceTree = "<group>"; };
		0714E1BC2B81FE4E00198324 /* ResponseData.swift */ = {isa = PBXFileReference; lastKnownFileType = sourcecode.swift; path = ResponseData.swift; sourceTree = "<group>"; };
		0714E1C02B82518300198324 /* WeatherView.swift */ = {isa = PBXFileReference; lastKnownFileType = sourcecode.swift; path = WeatherView.swift; sourceTree = "<group>"; };
		0714E1C22B8251BC00198324 /* ModelData.swift */ = {isa = PBXFileReference; lastKnownFileType = sourcecode.swift; path = ModelData.swift; sourceTree = "<group>"; };
		0714E1C42B82520300198324 /* weatherData.json */ = {isa = PBXFileReference; lastKnownFileType = text.json; path = weatherData.json; sourceTree = "<group>"; };
		0714E1C62B82531400198324 /* Extensions.swift */ = {isa = PBXFileReference; lastKnownFileType = sourcecode.swift; path = Extensions.swift; sourceTree = "<group>"; };
		0714E1C82B825A6C00198324 /* WeatherRow.swift */ = {isa = PBXFileReference; lastKnownFileType = sourcecode.swift; path = WeatherRow.swift; sourceTree = "<group>"; };
		076C90682B81DB8200072E3E /* WeatherApp.app */ = {isa = PBXFileReference; explicitFileType = wrapper.application; includeInIndex = 0; path = WeatherApp.app; sourceTree = BUILT_PRODUCTS_DIR; };
		076C906B2B81DB8200072E3E /* WeatherAppApp.swift */ = {isa = PBXFileReference; lastKnownFileType = sourcecode.swift; path = WeatherAppApp.swift; sourceTree = "<group>"; };
		076C906D2B81DB8200072E3E /* ContentView.swift */ = {isa = PBXFileReference; lastKnownFileType = sourcecode.swift; path = ContentView.swift; sourceTree = "<group>"; };
		076C906F2B81DB8400072E3E /* Assets.xcassets */ = {isa = PBXFileReference; lastKnownFileType = folder.assetcatalog; path = Assets.xcassets; sourceTree = "<group>"; };
		076C90712B81DB8400072E3E /* WeatherApp.entitlements */ = {isa = PBXFileReference; lastKnownFileType = text.plist.entitlements; path = WeatherApp.entitlements; sourceTree = "<group>"; };
		076C90732B81DB8400072E3E /* Preview Assets.xcassets */ = {isa = PBXFileReference; lastKnownFileType = folder.assetcatalog; path = "Preview Assets.xcassets"; sourceTree = "<group>"; };
		076C90792B81DB8400072E3E /* WeatherAppTests.xctest */ = {isa = PBXFileReference; explicitFileType = wrapper.cfbundle; includeInIndex = 0; path = WeatherAppTests.xctest; sourceTree = BUILT_PRODUCTS_DIR; };
		076C907D2B81DB8400072E3E /* WeatherAppTests.swift */ = {isa = PBXFileReference; lastKnownFileType = sourcecode.swift; path = WeatherAppTests.swift; sourceTree = "<group>"; };
		076C90832B81DB8400072E3E /* WeatherAppUITests.xctest */ = {isa = PBXFileReference; explicitFileType = wrapper.cfbundle; includeInIndex = 0; path = WeatherAppUITests.xctest; sourceTree = BUILT_PRODUCTS_DIR; };
		076C90872B81DB8400072E3E /* WeatherAppUITests.swift */ = {isa = PBXFileReference; lastKnownFileType = sourcecode.swift; path = WeatherAppUITests.swift; sourceTree = "<group>"; };
		076C90892B81DB8400072E3E /* WeatherAppUITestsLaunchTests.swift */ = {isa = PBXFileReference; lastKnownFileType = sourcecode.swift; path = WeatherAppUITestsLaunchTests.swift; sourceTree = "<group>"; };
		076C90972B81DD2F00072E3E /* LocationManager.swift */ = {isa = PBXFileReference; lastKnownFileType = sourcecode.swift; path = LocationManager.swift; sourceTree = "<group>"; };
		076C909A2B81DFCE00072E3E /* WelcomeView.swift */ = {isa = PBXFileReference; lastKnownFileType = sourcecode.swift; path = WelcomeView.swift; sourceTree = "<group>"; };
/* End PBXFileReference section */

/* Begin PBXFrameworksBuildPhase section */
		076C90652B81DB8200072E3E /* Frameworks */ = {
			isa = PBXFrameworksBuildPhase;
			buildActionMask = 2147483647;
			files = (
			);
			runOnlyForDeploymentPostprocessing = 0;
		};
		076C90762B81DB8400072E3E /* Frameworks */ = {
			isa = PBXFrameworksBuildPhase;
			buildActionMask = 2147483647;
			files = (
			);
			runOnlyForDeploymentPostprocessing = 0;
		};
		076C90802B81DB8400072E3E /* Frameworks */ = {
			isa = PBXFrameworksBuildPhase;
			buildActionMask = 2147483647;
			files = (
			);
			runOnlyForDeploymentPostprocessing = 0;
		};
/* End PBXFrameworksBuildPhase section */

/* Begin PBXGroup section */
		0714E1BB2B81F8AE00198324 /* Models */ = {
			isa = PBXGroup;
			children = (
				0714E1BC2B81FE4E00198324 /* ResponseData.swift */,
			);
			path = Models;
			sourceTree = "<group>";
		};
		0714E1CA2B825A7500198324 /* Components */ = {
			isa = PBXGroup;
			children = (
				0714E1C82B825A6C00198324 /* WeatherRow.swift */,
			);
			path = Components;
			sourceTree = "<group>";
		};
		076C905F2B81DB8200072E3E = {
			isa = PBXGroup;
			children = (
				076C906A2B81DB8200072E3E /* WeatherApp */,
				076C907C2B81DB8400072E3E /* WeatherAppTests */,
				076C90862B81DB8400072E3E /* WeatherAppUITests */,
				076C90692B81DB8200072E3E /* Products */,
			);
			sourceTree = "<group>";
		};
		076C90692B81DB8200072E3E /* Products */ = {
			isa = PBXGroup;
			children = (
				076C90682B81DB8200072E3E /* WeatherApp.app */,
				076C90792B81DB8400072E3E /* WeatherAppTests.xctest */,
				076C90832B81DB8400072E3E /* WeatherAppUITests.xctest */,
			);
			name = Products;
			sourceTree = "<group>";
		};
		076C906A2B81DB8200072E3E /* WeatherApp */ = {
			isa = PBXGroup;
			children = (
				0714E1CA2B825A7500198324 /* Components */,
				0714E1BB2B81F8AE00198324 /* Models */,
				076C90992B81DF4200072E3E /* Views */,
				076C90962B81DD0C00072E3E /* Managers */,
				076C906F2B81DB8400072E3E /* Assets.xcassets */,
				076C90712B81DB8400072E3E /* WeatherApp.entitlements */,
				076C90722B81DB8400072E3E /* Preview Content */,
				0714E1C62B82531400198324 /* Extensions.swift */,
			);
			path = WeatherApp;
			sourceTree = "<group>";
		};
		076C90722B81DB8400072E3E /* Preview Content */ = {
			isa = PBXGroup;
			children = (
				0714E1C22B8251BC00198324 /* ModelData.swift */,
				076C90732B81DB8400072E3E /* Preview Assets.xcassets */,
				0714E1C42B82520300198324 /* weatherData.json */,
			);
			path = "Preview Content";
			sourceTree = "<group>";
		};
		076C907C2B81DB8400072E3E /* WeatherAppTests */ = {
			isa = PBXGroup;
			children = (
				076C907D2B81DB8400072E3E /* WeatherAppTests.swift */,
			);
			path = WeatherAppTests;
			sourceTree = "<group>";
		};
		076C90862B81DB8400072E3E /* WeatherAppUITests */ = {
			isa = PBXGroup;
			children = (
				076C90872B81DB8400072E3E /* WeatherAppUITests.swift */,
				076C90892B81DB8400072E3E /* WeatherAppUITestsLaunchTests.swift */,
			);
			path = WeatherAppUITests;
			sourceTree = "<group>";
		};
		076C90962B81DD0C00072E3E /* Managers */ = {
			isa = PBXGroup;
			children = (
				076C90972B81DD2F00072E3E /* LocationManager.swift */,
				0714E1B92B81F62900198324 /* WeatherManager.swift */,
			);
			path = Managers;
			sourceTree = "<group>";
		};
		076C90992B81DF4200072E3E /* Views */ = {
			isa = PBXGroup;
			children = (
				076C906B2B81DB8200072E3E /* WeatherAppApp.swift */,
				076C906D2B81DB8200072E3E /* ContentView.swift */,
				076C909A2B81DFCE00072E3E /* WelcomeView.swift */,
				0714E1B72B81F08200198324 /* LoadingView.swift */,
				0714E1C02B82518300198324 /* WeatherView.swift */,
			);
			path = Views;
			sourceTree = "<group>";
		};
/* End PBXGroup section */

/* Begin PBXNativeTarget section */
		076C90672B81DB8200072E3E /* WeatherApp */ = {
			isa = PBXNativeTarget;
			buildConfigurationList = 076C908D2B81DB8400072E3E /* Build configuration list for PBXNativeTarget "WeatherApp" */;
			buildPhases = (
				076C90642B81DB8200072E3E /* Sources */,
				076C90652B81DB8200072E3E /* Frameworks */,
				076C90662B81DB8200072E3E /* Resources */,
			);
			buildRules = (
			);
			dependencies = (
			);
			name = WeatherApp;
			productName = WeatherApp;
			productReference = 076C90682B81DB8200072E3E /* WeatherApp.app */;
			productType = "com.apple.product-type.application";
		};
		076C90782B81DB8400072E3E /* WeatherAppTests */ = {
			isa = PBXNativeTarget;
			buildConfigurationList = 076C90902B81DB8400072E3E /* Build configuration list for PBXNativeTarget "WeatherAppTests" */;
			buildPhases = (
				076C90752B81DB8400072E3E /* Sources */,
				076C90762B81DB8400072E3E /* Frameworks */,
				076C90772B81DB8400072E3E /* Resources */,
			);
			buildRules = (
			);
			dependencies = (
				076C907B2B81DB8400072E3E /* PBXTargetDependency */,
			);
			name = WeatherAppTests;
			productName = WeatherAppTests;
			productReference = 076C90792B81DB8400072E3E /* WeatherAppTests.xctest */;
			productType = "com.apple.product-type.bundle.unit-test";
		};
		076C90822B81DB8400072E3E /* WeatherAppUITests */ = {
			isa = PBXNativeTarget;
			buildConfigurationList = 076C90932B81DB8400072E3E /* Build configuration list for PBXNativeTarget "WeatherAppUITests" */;
			buildPhases = (
				076C907F2B81DB8400072E3E /* Sources */,
				076C90802B81DB8400072E3E /* Frameworks */,
				076C90812B81DB8400072E3E /* Resources */,
			);
			buildRules = (
			);
			dependencies = (
				076C90852B81DB8400072E3E /* PBXTargetDependency */,
			);
			name = WeatherAppUITests;
			productName = WeatherAppUITests;
			productReference = 076C90832B81DB8400072E3E /* WeatherAppUITests.xctest */;
			productType = "com.apple.product-type.bundle.ui-testing";
		};
/* End PBXNativeTarget section */

/* Begin PBXProject section */
		076C90602B81DB8200072E3E /* Project object */ = {
			isa = PBXProject;
			attributes = {
				BuildIndependentTargetsInParallel = 1;
				LastSwiftUpdateCheck = 1500;
				LastUpgradeCheck = 1500;
				TargetAttributes = {
					076C90672B81DB8200072E3E = {
						CreatedOnToolsVersion = 15.0;
					};
					076C90782B81DB8400072E3E = {
						CreatedOnToolsVersion = 15.0;
						TestTargetID = 076C90672B81DB8200072E3E;
					};
					076C90822B81DB8400072E3E = {
						CreatedOnToolsVersion = 15.0;
						TestTargetID = 076C90672B81DB8200072E3E;
					};
				};
			};
			buildConfigurationList = 076C90632B81DB8200072E3E /* Build configuration list for PBXProject "WeatherApp" */;
			compatibilityVersion = "Xcode 14.0";
			developmentRegion = en;
			hasScannedForEncodings = 0;
			knownRegions = (
				en,
				Base,
			);
			mainGroup = 076C905F2B81DB8200072E3E;
			productRefGroup = 076C90692B81DB8200072E3E /* Products */;
			projectDirPath = "";
			projectRoot = "";
			targets = (
				076C90672B81DB8200072E3E /* WeatherApp */,
				076C90782B81DB8400072E3E /* WeatherAppTests */,
				076C90822B81DB8400072E3E /* WeatherAppUITests */,
			);
		};
/* End PBXProject section */

/* Begin PBXResourcesBuildPhase section */
		076C90662B81DB8200072E3E /* Resources */ = {
			isa = PBXResourcesBuildPhase;
			buildActionMask = 2147483647;
			files = (
				076C90742B81DB8400072E3E /* Preview Assets.xcassets in Resources */,
				0714E1C52B82520300198324 /* weatherData.json in Resources */,
				076C90702B81DB8400072E3E /* Assets.xcassets in Resources */,
			);
			runOnlyForDeploymentPostprocessing = 0;
		};
		076C90772B81DB8400072E3E /* Resources */ = {
			isa = PBXResourcesBuildPhase;
			buildActionMask = 2147483647;
			files = (
			);
			runOnlyForDeploymentPostprocessing = 0;
		};
		076C90812B81DB8400072E3E /* Resources */ = {
			isa = PBXResourcesBuildPhase;
			buildActionMask = 2147483647;
			files = (
			);
			runOnlyForDeploymentPostprocessing = 0;
		};
/* End PBXResourcesBuildPhase section */

/* Begin PBXSourcesBuildPhase section */
		076C90642B81DB8200072E3E /* Sources */ = {
			isa = PBXSourcesBuildPhase;
			buildActionMask = 2147483647;
			files = (
				0714E1C92B825A6C00198324 /* WeatherRow.swift in Sources */,
				0714E1BA2B81F62900198324 /* WeatherManager.swift in Sources */,
				0714E1BD2B81FE4E00198324 /* ResponseData.swift in Sources */,
				0714E1C32B8251BC00198324 /* ModelData.swift in Sources */,
				076C906E2B81DB8200072E3E /* ContentView.swift in Sources */,
				076C906C2B81DB8200072E3E /* WeatherAppApp.swift in Sources */,
				0714E1C72B82531400198324 /* Extensions.swift in Sources */,
				076C90982B81DD2F00072E3E /* LocationManager.swift in Sources */,
				0714E1B82B81F08200198324 /* LoadingView.swift in Sources */,
				076C909B2B81DFCE00072E3E /* WelcomeView.swift in Sources */,
				0714E1C12B82518300198324 /* WeatherView.swift in Sources */,
			);
			runOnlyForDeploymentPostprocessing = 0;
		};
		076C90752B81DB8400072E3E /* Sources */ = {
			isa = PBXSourcesBuildPhase;
			buildActionMask = 2147483647;
			files = (
				076C907E2B81DB8400072E3E /* WeatherAppTests.swift in Sources */,
			);
			runOnlyForDeploymentPostprocessing = 0;
		};
		076C907F2B81DB8400072E3E /* Sources */ = {
			isa = PBXSourcesBuildPhase;
			buildActionMask = 2147483647;
			files = (
				076C90882B81DB8400072E3E /* WeatherAppUITests.swift in Sources */,
				076C908A2B81DB8400072E3E /* WeatherAppUITestsLaunchTests.swift in Sources */,
			);
			runOnlyForDeploymentPostprocessing = 0;
		};
/* End PBXSourcesBuildPhase section */

/* Begin PBXTargetDependency section */
		076C907B2B81DB8400072E3E /* PBXTargetDependency */ = {
			isa = PBXTargetDependency;
			target = 076C90672B81DB8200072E3E /* WeatherApp */;
			targetProxy = 076C907A2B81DB8400072E3E /* PBXContainerItemProxy */;
		};
		076C90852B81DB8400072E3E /* PBXTargetDependency */ = {
			isa = PBXTargetDependency;
			target = 076C90672B81DB8200072E3E /* WeatherApp */;
			targetProxy = 076C90842B81DB8400072E3E /* PBXContainerItemProxy */;
		};
/* End PBXTargetDependency section */

/* Begin XCBuildConfiguration section */
		076C908B2B81DB8400072E3E /* Debug */ = {
			isa = XCBuildConfiguration;
			buildSettings = {
				ALWAYS_SEARCH_USER_PATHS = NO;
				ASSETCATALOG_COMPILER_GENERATE_SWIFT_ASSET_SYMBOL_EXTENSIONS = YES;
				CLANG_ANALYZER_NONNULL = YES;
				CLANG_ANALYZER_NUMBER_OBJECT_CONVERSION = YES_AGGRESSIVE;
				CLANG_CXX_LANGUAGE_STANDARD = "gnu++20";
				CLANG_ENABLE_MODULES = YES;
				CLANG_ENABLE_OBJC_ARC = YES;
				CLANG_ENABLE_OBJC_WEAK = YES;
				CLANG_WARN_BLOCK_CAPTURE_AUTORELEASING = YES;
				CLANG_WARN_BOOL_CONVERSION = YES;
				CLANG_WARN_COMMA = YES;
				CLANG_WARN_CONSTANT_CONVERSION = YES;
				CLANG_WARN_DEPRECATED_OBJC_IMPLEMENTATIONS = YES;
				CLANG_WARN_DIRECT_OBJC_ISA_USAGE = YES_ERROR;
				CLANG_WARN_DOCUMENTATION_COMMENTS = YES;
				CLANG_WARN_EMPTY_BODY = YES;
				CLANG_WARN_ENUM_CONVERSION = YES;
				CLANG_WARN_INFINITE_RECURSION = YES;
				CLANG_WARN_INT_CONVERSION = YES;
				CLANG_WARN_NON_LITERAL_NULL_CONVERSION = YES;
				CLANG_WARN_OBJC_IMPLICIT_RETAIN_SELF = YES;
				CLANG_WARN_OBJC_LITERAL_CONVERSION = YES;
				CLANG_WARN_OBJC_ROOT_CLASS = YES_ERROR;
				CLANG_WARN_QUOTED_INCLUDE_IN_FRAMEWORK_HEADER = YES;
				CLANG_WARN_RANGE_LOOP_ANALYSIS = YES;
				CLANG_WARN_STRICT_PROTOTYPES = YES;
				CLANG_WARN_SUSPICIOUS_MOVE = YES;
				CLANG_WARN_UNGUARDED_AVAILABILITY = YES_AGGRESSIVE;
				CLANG_WARN_UNREACHABLE_CODE = YES;
				CLANG_WARN__DUPLICATE_METHOD_MATCH = YES;
				COPY_PHASE_STRIP = NO;
				DEBUG_INFORMATION_FORMAT = dwarf;
				ENABLE_STRICT_OBJC_MSGSEND = YES;
				ENABLE_TESTABILITY = YES;
				ENABLE_USER_SCRIPT_SANDBOXING = YES;
				GCC_C_LANGUAGE_STANDARD = gnu17;
				GCC_DYNAMIC_NO_PIC = NO;
				GCC_NO_COMMON_BLOCKS = YES;
				GCC_OPTIMIZATION_LEVEL = 0;
				GCC_PREPROCESSOR_DEFINITIONS = (
					"DEBUG=1",
					"$(inherited)",
				);
				GCC_WARN_64_TO_32_BIT_CONVERSION = YES;
				GCC_WARN_ABOUT_RETURN_TYPE = YES_ERROR;
				GCC_WARN_UNDECLARED_SELECTOR = YES;
				GCC_WARN_UNINITIALIZED_AUTOS = YES_AGGRESSIVE;
				GCC_WARN_UNUSED_FUNCTION = YES;
				GCC_WARN_UNUSED_VARIABLE = YES;
				LOCALIZATION_PREFERS_STRING_CATALOGS = YES;
				MTL_ENABLE_DEBUG_INFO = INCLUDE_SOURCE;
				MTL_FAST_MATH = YES;
				ONLY_ACTIVE_ARCH = YES;
				SWIFT_ACTIVE_COMPILATION_CONDITIONS = "DEBUG $(inherited)";
				SWIFT_OPTIMIZATION_LEVEL = "-Onone";
			};
			name = Debug;
		};
		076C908C2B81DB8400072E3E /* Release */ = {
			isa = XCBuildConfiguration;
			buildSettings = {
				ALWAYS_SEARCH_USER_PATHS = NO;
				ASSETCATALOG_COMPILER_GENERATE_SWIFT_ASSET_SYMBOL_EXTENSIONS = YES;
				CLANG_ANALYZER_NONNULL = YES;
				CLANG_ANALYZER_NUMBER_OBJECT_CONVERSION = YES_AGGRESSIVE;
				CLANG_CXX_LANGUAGE_STANDARD = "gnu++20";
				CLANG_ENABLE_MODULES = YES;
				CLANG_ENABLE_OBJC_ARC = YES;
				CLANG_ENABLE_OBJC_WEAK = YES;
				CLANG_WARN_BLOCK_CAPTURE_AUTORELEASING = YES;
				CLANG_WARN_BOOL_CONVERSION = YES;
				CLANG_WARN_COMMA = YES;
				CLANG_WARN_CONSTANT_CONVERSION = YES;
				CLANG_WARN_DEPRECATED_OBJC_IMPLEMENTATIONS = YES;
				CLANG_WARN_DIRECT_OBJC_ISA_USAGE = YES_ERROR;
				CLANG_WARN_DOCUMENTATION_COMMENTS = YES;
				CLANG_WARN_EMPTY_BODY = YES;
				CLANG_WARN_ENUM_CONVERSION = YES;
				CLANG_WARN_INFINITE_RECURSION = YES;
				CLANG_WARN_INT_CONVERSION = YES;
				CLANG_WARN_NON_LITERAL_NULL_CONVERSION = YES;
				CLANG_WARN_OBJC_IMPLICIT_RETAIN_SELF = YES;
				CLANG_WARN_OBJC_LITERAL_CONVERSION = YES;
				CLANG_WARN_OBJC_ROOT_CLASS = YES_ERROR;
				CLANG_WARN_QUOTED_INCLUDE_IN_FRAMEWORK_HEADER = YES;
				CLANG_WARN_RANGE_LOOP_ANALYSIS = YES;
				CLANG_WARN_STRICT_PROTOTYPES = YES;
				CLANG_WARN_SUSPICIOUS_MOVE = YES;
				CLANG_WARN_UNGUARDED_AVAILABILITY = YES_AGGRESSIVE;
				CLANG_WARN_UNREACHABLE_CODE = YES;
				CLANG_WARN__DUPLICATE_METHOD_MATCH = YES;
				COPY_PHASE_STRIP = NO;
				DEBUG_INFORMATION_FORMAT = "dwarf-with-dsym";
				ENABLE_NS_ASSERTIONS = NO;
				ENABLE_STRICT_OBJC_MSGSEND = YES;
				ENABLE_USER_SCRIPT_SANDBOXING = YES;
				GCC_C_LANGUAGE_STANDARD = gnu17;
				GCC_NO_COMMON_BLOCKS = YES;
				GCC_WARN_64_TO_32_BIT_CONVERSION = YES;
				GCC_WARN_ABOUT_RETURN_TYPE = YES_ERROR;
				GCC_WARN_UNDECLARED_SELECTOR = YES;
				GCC_WARN_UNINITIALIZED_AUTOS = YES_AGGRESSIVE;
				GCC_WARN_UNUSED_FUNCTION = YES;
				GCC_WARN_UNUSED_VARIABLE = YES;
				LOCALIZATION_PREFERS_STRING_CATALOGS = YES;
				MTL_ENABLE_DEBUG_INFO = NO;
				MTL_FAST_MATH = YES;
				SWIFT_COMPILATION_MODE = wholemodule;
			};
			name = Release;
		};
		076C908E2B81DB8400072E3E /* Debug */ = {
			isa = XCBuildConfiguration;
			buildSettings = {
				ASSETCATALOG_COMPILER_APPICON_NAME = AppIcon;
				ASSETCATALOG_COMPILER_GLOBAL_ACCENT_COLOR_NAME = AccentColor;
				CODE_SIGN_ENTITLEMENTS = WeatherApp/WeatherApp.entitlements;
				CODE_SIGN_STYLE = Automatic;
				CURRENT_PROJECT_VERSION = 1;
				DEVELOPMENT_ASSET_PATHS = "\"WeatherApp/Preview Content\"";
				ENABLE_PREVIEWS = YES;
				GENERATE_INFOPLIST_FILE = YES;
				"INFOPLIST_KEY_UIApplicationSceneManifest_Generation[sdk=iphoneos*]" = YES;
				"INFOPLIST_KEY_UIApplicationSceneManifest_Generation[sdk=iphonesimulator*]" = YES;
				"INFOPLIST_KEY_UIApplicationSupportsIndirectInputEvents[sdk=iphoneos*]" = YES;
				"INFOPLIST_KEY_UIApplicationSupportsIndirectInputEvents[sdk=iphonesimulator*]" = YES;
				"INFOPLIST_KEY_UILaunchScreen_Generation[sdk=iphoneos*]" = YES;
				"INFOPLIST_KEY_UILaunchScreen_Generation[sdk=iphonesimulator*]" = YES;
				"INFOPLIST_KEY_UIStatusBarStyle[sdk=iphoneos*]" = UIStatusBarStyleDefault;
				"INFOPLIST_KEY_UIStatusBarStyle[sdk=iphonesimulator*]" = UIStatusBarStyleDefault;
				INFOPLIST_KEY_UISupportedInterfaceOrientations_iPad = "UIInterfaceOrientationPortrait UIInterfaceOrientationPortraitUpsideDown UIInterfaceOrientationLandscapeLeft UIInterfaceOrientationLandscapeRight";
				INFOPLIST_KEY_UISupportedInterfaceOrientations_iPhone = "UIInterfaceOrientationPortrait UIInterfaceOrientationLandscapeLeft UIInterfaceOrientationLandscapeRight";
				IPHONEOS_DEPLOYMENT_TARGET = 17.0;
				LD_RUNPATH_SEARCH_PATHS = "@executable_path/Frameworks";
				"LD_RUNPATH_SEARCH_PATHS[sdk=macosx*]" = "@executable_path/../Frameworks";
				MACOSX_DEPLOYMENT_TARGET = 14.0;
				MARKETING_VERSION = 1.0;
				PRODUCT_BUNDLE_IDENTIFIER = com.pen9i.WeatherApp;
				PRODUCT_NAME = "$(TARGET_NAME)";
				SDKROOT = auto;
				SUPPORTED_PLATFORMS = "iphoneos iphonesimulator";
				SUPPORTS_MACCATALYST = NO;
				SWIFT_EMIT_LOC_STRINGS = YES;
				SWIFT_VERSION = 5.0;
				TARGETED_DEVICE_FAMILY = "1,2";
			};
			name = Debug;
		};
		076C908F2B81DB8400072E3E /* Release */ = {
			isa = XCBuildConfiguration;
			buildSettings = {
				ASSETCATALOG_COMPILER_APPICON_NAME = AppIcon;
				ASSETCATALOG_COMPILER_GLOBAL_ACCENT_COLOR_NAME = AccentColor;
				CODE_SIGN_ENTITLEMENTS = WeatherApp/WeatherApp.entitlements;
				CODE_SIGN_STYLE = Automatic;
				CURRENT_PROJECT_VERSION = 1;
				DEVELOPMENT_ASSET_PATHS = "\"WeatherApp/Preview Content\"";
				ENABLE_PREVIEWS = YES;
				GENERATE_INFOPLIST_FILE = YES;
				"INFOPLIST_KEY_UIApplicationSceneManifest_Generation[sdk=iphoneos*]" = YES;
				"INFOPLIST_KEY_UIApplicationSceneManifest_Generation[sdk=iphonesimulator*]" = YES;
				"INFOPLIST_KEY_UIApplicationSupportsIndirectInputEvents[sdk=iphoneos*]" = YES;
				"INFOPLIST_KEY_UIApplicationSupportsIndirectInputEvents[sdk=iphonesimulator*]" = YES;
				"INFOPLIST_KEY_UILaunchScreen_Generation[sdk=iphoneos*]" = YES;
				"INFOPLIST_KEY_UILaunchScreen_Generation[sdk=iphonesimulator*]" = YES;
				"INFOPLIST_KEY_UIStatusBarStyle[sdk=iphoneos*]" = UIStatusBarStyleDefault;
				"INFOPLIST_KEY_UIStatusBarStyle[sdk=iphonesimulator*]" = UIStatusBarStyleDefault;
				INFOPLIST_KEY_UISupportedInterfaceOrientations_iPad = "UIInterfaceOrientationPortrait UIInterfaceOrientationPortraitUpsideDown UIInterfaceOrientationLandscapeLeft UIInterfaceOrientationLandscapeRight";
				INFOPLIST_KEY_UISupportedInterfaceOrientations_iPhone = "UIInterfaceOrientationPortrait UIInterfaceOrientationLandscapeLeft UIInterfaceOrientationLandscapeRight";
				IPHONEOS_DEPLOYMENT_TARGET = 17.0;
				LD_RUNPATH_SEARCH_PATHS = "@executable_path/Frameworks";
				"LD_RUNPATH_SEARCH_PATHS[sdk=macosx*]" = "@executable_path/../Frameworks";
				MACOSX_DEPLOYMENT_TARGET = 14.0;
				MARKETING_VERSION = 1.0;
				PRODUCT_BUNDLE_IDENTIFIER = com.pen9i.WeatherApp;
				PRODUCT_NAME = "$(TARGET_NAME)";
				SDKROOT = auto;
				SUPPORTED_PLATFORMS = "iphoneos iphonesimulator";
				SUPPORTS_MACCATALYST = NO;
				SWIFT_EMIT_LOC_STRINGS = YES;
				SWIFT_VERSION = 5.0;
				TARGETED_DEVICE_FAMILY = "1,2";
			};
			name = Release;
		};
		076C90912B81DB8400072E3E /* Debug */ = {
			isa = XCBuildConfiguration;
			buildSettings = {
				ALWAYS_EMBED_SWIFT_STANDARD_LIBRARIES = YES;
				BUNDLE_LOADER = "$(TEST_HOST)";
				CODE_SIGN_STYLE = Automatic;
				CURRENT_PROJECT_VERSION = 1;
				GENERATE_INFOPLIST_FILE = YES;
				IPHONEOS_DEPLOYMENT_TARGET = 17.0;
				MACOSX_DEPLOYMENT_TARGET = 14.0;
				MARKETING_VERSION = 1.0;
				PRODUCT_BUNDLE_IDENTIFIER = com.pen9i.WeatherAppTests;
				PRODUCT_NAME = "$(TARGET_NAME)";
				SDKROOT = auto;
				SUPPORTED_PLATFORMS = "iphoneos iphonesimulator macosx";
				SWIFT_EMIT_LOC_STRINGS = NO;
				SWIFT_VERSION = 5.0;
				TARGETED_DEVICE_FAMILY = "1,2";
				TEST_HOST = "$(BUILT_PRODUCTS_DIR)/WeatherApp.app/$(BUNDLE_EXECUTABLE_FOLDER_PATH)/WeatherApp";
			};
			name = Debug;
		};
		076C90922B81DB8400072E3E /* Release */ = {
			isa = XCBuildConfiguration;
			buildSettings = {
				ALWAYS_EMBED_SWIFT_STANDARD_LIBRARIES = YES;
				BUNDLE_LOADER = "$(TEST_HOST)";
				CODE_SIGN_STYLE = Automatic;
				CURRENT_PROJECT_VERSION = 1;
				GENERATE_INFOPLIST_FILE = YES;
				IPHONEOS_DEPLOYMENT_TARGET = 17.0;
				MACOSX_DEPLOYMENT_TARGET = 14.0;
				MARKETING_VERSION = 1.0;
				PRODUCT_BUNDLE_IDENTIFIER = com.pen9i.WeatherAppTests;
				PRODUCT_NAME = "$(TARGET_NAME)";
				SDKROOT = auto;
				SUPPORTED_PLATFORMS = "iphoneos iphonesimulator macosx";
				SWIFT_EMIT_LOC_STRINGS = NO;
				SWIFT_VERSION = 5.0;
				TARGETED_DEVICE_FAMILY = "1,2";
				TEST_HOST = "$(BUILT_PRODUCTS_DIR)/WeatherApp.app/$(BUNDLE_EXECUTABLE_FOLDER_PATH)/WeatherApp";
			};
			name = Release;
		};
		076C90942B81DB8400072E3E /* Debug */ = {
			isa = XCBuildConfiguration;
			buildSettings = {
				ALWAYS_EMBED_SWIFT_STANDARD_LIBRARIES = YES;
				CODE_SIGN_STYLE = Automatic;
				CURRENT_PROJECT_VERSION = 1;
				GENERATE_INFOPLIST_FILE = YES;
				IPHONEOS_DEPLOYMENT_TARGET = 17.0;
				MACOSX_DEPLOYMENT_TARGET = 14.0;
				MARKETING_VERSION = 1.0;
				PRODUCT_BUNDLE_IDENTIFIER = com.pen9i.WeatherAppUITests;
				PRODUCT_NAME = "$(TARGET_NAME)";
				SDKROOT = auto;
				SUPPORTED_PLATFORMS = "iphoneos iphonesimulator macosx";
				SWIFT_EMIT_LOC_STRINGS = NO;
				SWIFT_VERSION = 5.0;
				TARGETED_DEVICE_FAMILY = "1,2";
				TEST_TARGET_NAME = WeatherApp;
			};
			name = Debug;
		};
		076C90952B81DB8400072E3E /* Release */ = {
			isa = XCBuildConfiguration;
			buildSettings = {
				ALWAYS_EMBED_SWIFT_STANDARD_LIBRARIES = YES;
				CODE_SIGN_STYLE = Automatic;
				CURRENT_PROJECT_VERSION = 1;
				GENERATE_INFOPLIST_FILE = YES;
				IPHONEOS_DEPLOYMENT_TARGET = 17.0;
				MACOSX_DEPLOYMENT_TARGET = 14.0;
				MARKETING_VERSION = 1.0;
				PRODUCT_BUNDLE_IDENTIFIER = com.pen9i.WeatherAppUITests;
				PRODUCT_NAME = "$(TARGET_NAME)";
				SDKROOT = auto;
				SUPPORTED_PLATFORMS = "iphoneos iphonesimulator macosx";
				SWIFT_EMIT_LOC_STRINGS = NO;
				SWIFT_VERSION = 5.0;
				TARGETED_DEVICE_FAMILY = "1,2";
				TEST_TARGET_NAME = WeatherApp;
			};
			name = Release;
		};
/* End XCBuildConfiguration section */

/* Begin XCConfigurationList section */
		076C90632B81DB8200072E3E /* Build configuration list for PBXProject "WeatherApp" */ = {
			isa = XCConfigurationList;
			buildConfigurations = (
				076C908B2B81DB8400072E3E /* Debug */,
				076C908C2B81DB8400072E3E /* Release */,
			);
			defaultConfigurationIsVisible = 0;
			defaultConfigurationName = Release;
		};
		076C908D2B81DB8400072E3E /* Build configuration list for PBXNativeTarget "WeatherApp" */ = {
			isa = XCConfigurationList;
			buildConfigurations = (
				076C908E2B81DB8400072E3E /* Debug */,
				076C908F2B81DB8400072E3E /* Release */,
			);
			defaultConfigurationIsVisible = 0;
			defaultConfigurationName = Release;
		};
		076C90902B81DB8400072E3E /* Build configuration list for PBXNativeTarget "WeatherAppTests" */ = {
			isa = XCConfigurationList;
			buildConfigurations = (
				076C90912B81DB8400072E3E /* Debug */,
				076C90922B81DB8400072E3E /* Release */,
			);
			defaultConfigurationIsVisible = 0;
			defaultConfigurationName = Release;
		};
		076C90932B81DB8400072E3E /* Build configuration list for PBXNativeTarget "WeatherAppUITests" */ = {
			isa = XCConfigurationList;
			buildConfigurations = (
				076C90942B81DB8400072E3E /* Debug */,
				076C90952B81DB8400072E3E /* Release */,
			);
			defaultConfigurationIsVisible = 0;
			defaultConfigurationName = Release;
		};
/* End XCConfigurationList section */
	};
	rootObject = 076C90602B81DB8200072E3E /* Project object */;
}
